
Microsoft Visual Studio Solution File, Format Version 12.00
# Visual Studio 14
VisualStudioVersion = 14.0.23107.0
MinimumVisualStudioVersion = 10.0.40219.1
Project("{FAE04EC0-301F-11D3-BF4B-00C04F79EFBC}") = "IndusValley.Banking", "IndusValley.Banking\IndusValley.Banking.csproj", "{063AF44C-B5E7-44C0-BA66-776F6CC70698}"
EndProject
Project("{FAE04EC0-301F-11D3-BF4B-00C04F79EFBC}") = "IndusValley.Broker", "IndusValley.Broker\IndusValley.Broker.csproj", "{C57AECDF-FD1A-43B7-825C-25FD5A2CF406}"
EndProject
Project("{FAE04EC0-301F-11D3-BF4B-00C04F79EFBC}") = "IndusValley.Tests", "IndusValley.Tests\IndusValley.Tests.csproj", "{D1BDD678-017C-4F8A-A5CB-C8815B748A3E}"
EndProject
Global
	GlobalSection(SolutionConfigurationPlatforms) = preSolution
		Debug|Any CPU = Debug|Any CPU
		Release|Any CPU = Release|Any CPU
	EndGlobalSection
	GlobalSection(ProjectConfigurationPlatforms) = postSolution
		{063AF44C-B5E7-44C0-BA66-776F6CC70698}.Debug|Any CPU.ActiveCfg = Debug|Any CPU
		{063AF44C-B5E7-44C0-BA66-776F6CC70698}.Debug|Any CPU.Build.0 = Debug|Any CPU
		{063AF44C-B5E7-44C0-BA66-776F6CC70698}.Release|Any CPU.ActiveCfg = Release|Any CPU
		{063AF44C-B5E7-44C0-BA66-776F6CC70698}.Release|Any CPU.Build.0 = Release|Any CPU
		{C57AECDF-FD1A-43B7-825C-25FD5A2CF406}.Debug|Any CPU.ActiveCfg = Debug|Any CPU
		{C57AECDF-FD1A-43B7-825C-25FD5A2CF406}.Debug|Any CPU.Build.0 = Debug|Any CPU
		{C57AECDF-FD1A-43B7-825C-25FD5A2CF406}.Release|Any CPU.ActiveCfg = Release|Any CPU
		{C57AECDF-FD1A-43B7-825C-25FD5A2CF406}.Release|Any CPU.Build.0 = Release|Any CPU
		{D1BDD678-017C-4F8A-A5CB-C8815B748A3E}.Debug|Any CPU.ActiveCfg = Debug|Any CPU
		{D1BDD678-017C-4F8A-A5CB-C8815B748A3E}.Debug|Any CPU.Build.0 = Debug|Any CPU
		{D1BDD678-017C-4F8A-A5CB-C8815B748A3E}.Release|Any CPU.ActiveCfg = Release|Any CPU
		{D1BDD678-017C-4F8A-A5CB-C8815B748A3E}.Release|Any CPU.Build.0 = Release|Any CPU
	EndGlobalSection
	GlobalSection(SolutionProperties) = preSolution
		HideSolutionNode = FALSE
	EndGlobalSection
EndGlobal
